
Microsoft Visual Studio Solution File, Format Version 12.00
# Visual Studio Version 17
VisualStudioVersion = 17.11.35312.102
MinimumVisualStudioVersion = 10.0.40219.1
Project("{FAE04EC0-301F-11D3-BF4B-00C04F79EFBC}") = "YouTube Viewer", "YouTube Viewer\YouTube Viewer.csproj", "{31E69DFF-7D7C-4325-AC6C-1229EA9B2E63}"
EndProject
Global
	GlobalSection(SolutionConfigurationPlatforms) = preSolution
		Debug|Any CPU = Debug|Any CPU
		Release|Any CPU = Release|Any CPU
	EndGlobalSection
	GlobalSection(ProjectConfigurationPlatforms) = postSolution
		{31E69DFF-7D7C-4325-AC6C-1229EA9B2E63}.Debug|Any CPU.ActiveCfg = Debug|Any CPU
		{31E69DFF-7D7C-4325-AC6C-1229EA9B2E63}.Debug|Any CPU.Build.0 = Debug|Any CPU
		{31E69DFF-7D7C-4325-AC6C-1229EA9B2E63}.Release|Any CPU.ActiveCfg = Release|Any CPU
		{31E69DFF-7D7C-4325-AC6C-1229EA9B2E63}.Release|Any CPU.Build.0 = Release|Any CPU
	EndGlobalSection
	GlobalSection(SolutionProperties) = preSolution
		HideSolutionNode = FALSE
	EndGlobalSection
	GlobalSection(ExtensibilityGlobals) = postSolution
		SolutionGuid = {CF1E45BE-6564-4158-A34D-0A33648DE159}
	EndGlobalSection
EndGlobal
